
Microsoft Visual Studio Solution File, Format Version 12.00
# Visual Studio 14
VisualStudioVersion = 14.0.25420.1
MinimumVisualStudioVersion = 10.0.40219.1
Project("{FAE04EC0-301F-11D3-BF4B-00C04F79EFBC}") = "01. Phonebook", "01. Phonebook\01. Phonebook.csproj", "{67D77F66-17D7-4898-A327-2E626F49A39B}"
EndProject
Project("{FAE04EC0-301F-11D3-BF4B-00C04F79EFBC}") = "02. Phonebook Upgrade", "02. Phonebook Upgrade\02. Phonebook Upgrade.csproj", "{89221143-3978-46D1-B362-0F1E13B18135}"
EndProject
Project("{FAE04EC0-301F-11D3-BF4B-00C04F79EFBC}") = "03. A Miner Task", "03. A Miner Task\03. A Miner Task.csproj", "{CE1E4F3B-3573-4C96-BFF0-23D268678890}"
EndProject
Project("{FAE04EC0-301F-11D3-BF4B-00C04F79EFBC}") = "04. Fix Emails", "04. Fix Emails\04. Fix Emails.csproj", "{765BA963-3B73-40E9-A6FF-119C9219930F}"
EndProject
Project("{FAE04EC0-301F-11D3-BF4B-00C04F79EFBC}") = "05. Hands of Cards", "05. Hands of Cards\05. Hands of Cards.csproj", "{F887FD5C-3C74-4459-9342-E0BD5E8DB337}"
EndProject
Project("{FAE04EC0-301F-11D3-BF4B-00C04F79EFBC}") = "00.Test", "00.Test\00.Test.csproj", "{8737118E-1E89-4FA0-8869-272C2FCF9EDA}"
EndProject
Project("{FAE04EC0-301F-11D3-BF4B-00C04F79EFBC}") = "06. User Logs", "06. User Logs\06. User Logs.csproj", "{9984971D-8D98-4498-B5C1-4D6626C22365}"
EndProject
Project("{FAE04EC0-301F-11D3-BF4B-00C04F79EFBC}") = "07. Population Counter", "07. Population Counter\07. Population Counter.csproj", "{E57BB00A-EB72-44CC-BAAB-D6BADF9F4917}"
EndProject
Project("{FAE04EC0-301F-11D3-BF4B-00C04F79EFBC}") = "11. Dragon Army", "11. Dragon Army\11. Dragon Army.csproj", "{0FFAD47E-24DF-4B56-AA62-11B29EE076E0}"
EndProject
Project("{FAE04EC0-301F-11D3-BF4B-00C04F79EFBC}") = "08. Logs Aggregator", "08. Logs Aggregator\08. Logs Aggregator.csproj", "{330B01C1-8BB8-45D6-A3A7-053402999597}"
EndProject
Project("{FAE04EC0-301F-11D3-BF4B-00C04F79EFBC}") = "09. Legendary Farming", "09. Legendary Farming\09. Legendary Farming.csproj", "{FBE40CB6-D8ED-4000-BB15-17BCC9C864B6}"
EndProject
Project("{FAE04EC0-301F-11D3-BF4B-00C04F79EFBC}") = "10. Сръбско Unleashed", "10. Сръбско Unleashed\10. Сръбско Unleashed.csproj", "{56C56B39-CEBF-4A33-836B-5DF65D64648A}"
EndProject
Global
	GlobalSection(SolutionConfigurationPlatforms) = preSolution
		Debug|Any CPU = Debug|Any CPU
		Release|Any CPU = Release|Any CPU
	EndGlobalSection
	GlobalSection(ProjectConfigurationPlatforms) = postSolution
		{67D77F66-17D7-4898-A327-2E626F49A39B}.Debug|Any CPU.ActiveCfg = Debug|Any CPU
		{67D77F66-17D7-4898-A327-2E626F49A39B}.Debug|Any CPU.Build.0 = Debug|Any CPU
		{67D77F66-17D7-4898-A327-2E626F49A39B}.Release|Any CPU.ActiveCfg = Release|Any CPU
		{67D77F66-17D7-4898-A327-2E626F49A39B}.Release|Any CPU.Build.0 = Release|Any CPU
		{89221143-3978-46D1-B362-0F1E13B18135}.Debug|Any CPU.ActiveCfg = Debug|Any CPU
		{89221143-3978-46D1-B362-0F1E13B18135}.Debug|Any CPU.Build.0 = Debug|Any CPU
		{89221143-3978-46D1-B362-0F1E13B18135}.Release|Any CPU.ActiveCfg = Release|Any CPU
		{89221143-3978-46D1-B362-0F1E13B18135}.Release|Any CPU.Build.0 = Release|Any CPU
		{CE1E4F3B-3573-4C96-BFF0-23D268678890}.Debug|Any CPU.ActiveCfg = Debug|Any CPU
		{CE1E4F3B-3573-4C96-BFF0-23D268678890}.Debug|Any CPU.Build.0 = Debug|Any CPU
		{CE1E4F3B-3573-4C96-BFF0-23D268678890}.Release|Any CPU.ActiveCfg = Release|Any CPU
		{CE1E4F3B-3573-4C96-BFF0-23D268678890}.Release|Any CPU.Build.0 = Release|Any CPU
		{765BA963-3B73-40E9-A6FF-119C9219930F}.Debug|Any CPU.ActiveCfg = Debug|Any CPU
		{765BA963-3B73-40E9-A6FF-119C9219930F}.Debug|Any CPU.Build.0 = Debug|Any CPU
		{765BA963-3B73-40E9-A6FF-119C9219930F}.Release|Any CPU.ActiveCfg = Release|Any CPU
		{765BA963-3B73-40E9-A6FF-119C9219930F}.Release|Any CPU.Build.0 = Release|Any CPU
		{F887FD5C-3C74-4459-9342-E0BD5E8DB337}.Debug|Any CPU.ActiveCfg = Debug|Any CPU
		{F887FD5C-3C74-4459-9342-E0BD5E8DB337}.Debug|Any CPU.Build.0 = Debug|Any CPU
		{F887FD5C-3C74-4459-9342-E0BD5E8DB337}.Release|Any CPU.ActiveCfg = Release|Any CPU
		{F887FD5C-3C74-4459-9342-E0BD5E8DB337}.Release|Any CPU.Build.0 = Release|Any CPU
		{8737118E-1E89-4FA0-8869-272C2FCF9EDA}.Debug|Any CPU.ActiveCfg = Debug|Any CPU
		{8737118E-1E89-4FA0-8869-272C2FCF9EDA}.Debug|Any CPU.Build.0 = Debug|Any CPU
		{8737118E-1E89-4FA0-8869-272C2FCF9EDA}.Release|Any CPU.ActiveCfg = Release|Any CPU
		{8737118E-1E89-4FA0-8869-272C2FCF9EDA}.Release|Any CPU.Build.0 = Release|Any CPU
		{9984971D-8D98-4498-B5C1-4D6626C22365}.Debug|Any CPU.ActiveCfg = Debug|Any CPU
		{9984971D-8D98-4498-B5C1-4D6626C22365}.Debug|Any CPU.Build.0 = Debug|Any CPU
		{9984971D-8D98-4498-B5C1-4D6626C22365}.Release|Any CPU.ActiveCfg = Release|Any CPU
		{9984971D-8D98-4498-B5C1-4D6626C22365}.Release|Any CPU.Build.0 = Release|Any CPU
		{E57BB00A-EB72-44CC-BAAB-D6BADF9F4917}.Debug|Any CPU.ActiveCfg = Debug|Any CPU
		{E57BB00A-EB72-44CC-BAAB-D6BADF9F4917}.Debug|Any CPU.Build.0 = Debug|Any CPU
		{E57BB00A-EB72-44CC-BAAB-D6BADF9F4917}.Release|Any CPU.ActiveCfg = Release|Any CPU
		{E57BB00A-EB72-44CC-BAAB-D6BADF9F4917}.Release|Any CPU.Build.0 = Release|Any CPU
		{0FFAD47E-24DF-4B56-AA62-11B29EE076E0}.Debug|Any CPU.ActiveCfg = Debug|Any CPU
		{0FFAD47E-24DF-4B56-AA62-11B29EE076E0}.Debug|Any CPU.Build.0 = Debug|Any CPU
		{0FFAD47E-24DF-4B56-AA62-11B29EE076E0}.Release|Any CPU.ActiveCfg = Release|Any CPU
		{0FFAD47E-24DF-4B56-AA62-11B29EE076E0}.Release|Any CPU.Build.0 = Release|Any CPU
		{330B01C1-8BB8-45D6-A3A7-053402999597}.Debug|Any CPU.ActiveCfg = Debug|Any CPU
		{330B01C1-8BB8-45D6-A3A7-053402999597}.Debug|Any CPU.Build.0 = Debug|Any CPU
		{330B01C1-8BB8-45D6-A3A7-053402999597}.Release|Any CPU.ActiveCfg = Release|Any CPU
		{330B01C1-8BB8-45D6-A3A7-053402999597}.Release|Any CPU.Build.0 = Release|Any CPU
		{FBE40CB6-D8ED-4000-BB15-17BCC9C864B6}.Debug|Any CPU.ActiveCfg = Debug|Any CPU
		{FBE40CB6-D8ED-4000-BB15-17BCC9C864B6}.Debug|Any CPU.Build.0 = Debug|Any CPU
		{FBE40CB6-D8ED-4000-BB15-17BCC9C864B6}.Release|Any CPU.ActiveCfg = Release|Any CPU
		{FBE40CB6-D8ED-4000-BB15-17BCC9C864B6}.Release|Any CPU.Build.0 = Release|Any CPU
		{56C56B39-CEBF-4A33-836B-5DF65D64648A}.Debug|Any CPU.ActiveCfg = Debug|Any CPU
		{56C56B39-CEBF-4A33-836B-5DF65D64648A}.Debug|Any CPU.Build.0 = Debug|Any CPU
		{56C56B39-CEBF-4A33-836B-5DF65D64648A}.Release|Any CPU.ActiveCfg = Release|Any CPU
		{56C56B39-CEBF-4A33-836B-5DF65D64648A}.Release|Any CPU.Build.0 = Release|Any CPU
	EndGlobalSection
	GlobalSection(SolutionProperties) = preSolution
		HideSolutionNode = FALSE
	EndGlobalSection
EndGlobal
