
Microsoft Visual Studio Solution File, Format Version 12.00
# Visual Studio 14
VisualStudioVersion = 14.0.25420.1
MinimumVisualStudioVersion = 10.0.40219.1
Project("{FAE04EC0-301F-11D3-BF4B-00C04F79EFBC}") = "01. Softuni Coffee Orders", "01. Softuni Coffee Orders\01. Softuni Coffee Orders.csproj", "{C8A72814-85AB-4337-91E8-955771D7EF8D}"
EndProject
Project("{FAE04EC0-301F-11D3-BF4B-00C04F79EFBC}") = "02. Command Interpreter", "02. Command Interpreter\02. Command Interpreter.csproj", "{E4B8F89A-CABE-4CAE-93D0-5076ACDDB389}"
EndProject
Project("{FAE04EC0-301F-11D3-BF4B-00C04F79EFBC}") = "03. Rage Quit", "03. Rage Quit\03. Rage Quit.csproj", "{8810D7C5-3CD9-4F93-9614-7E0B45FFF2CB}"
EndProject
Project("{FAE04EC0-301F-11D3-BF4B-00C04F79EFBC}") = "04. Files", "04. Files\04. Files.csproj", "{20948734-6A02-43FA-84B3-693EE95BE995}"
EndProject
Global
	GlobalSection(SolutionConfigurationPlatforms) = preSolution
		Debug|Any CPU = Debug|Any CPU
		Release|Any CPU = Release|Any CPU
	EndGlobalSection
	GlobalSection(ProjectConfigurationPlatforms) = postSolution
		{C8A72814-85AB-4337-91E8-955771D7EF8D}.Debug|Any CPU.ActiveCfg = Debug|Any CPU
		{C8A72814-85AB-4337-91E8-955771D7EF8D}.Debug|Any CPU.Build.0 = Debug|Any CPU
		{C8A72814-85AB-4337-91E8-955771D7EF8D}.Release|Any CPU.ActiveCfg = Release|Any CPU
		{C8A72814-85AB-4337-91E8-955771D7EF8D}.Release|Any CPU.Build.0 = Release|Any CPU
		{E4B8F89A-CABE-4CAE-93D0-5076ACDDB389}.Debug|Any CPU.ActiveCfg = Debug|Any CPU
		{E4B8F89A-CABE-4CAE-93D0-5076ACDDB389}.Debug|Any CPU.Build.0 = Debug|Any CPU
		{E4B8F89A-CABE-4CAE-93D0-5076ACDDB389}.Release|Any CPU.ActiveCfg = Release|Any CPU
		{E4B8F89A-CABE-4CAE-93D0-5076ACDDB389}.Release|Any CPU.Build.0 = Release|Any CPU
		{8810D7C5-3CD9-4F93-9614-7E0B45FFF2CB}.Debug|Any CPU.ActiveCfg = Debug|Any CPU
		{8810D7C5-3CD9-4F93-9614-7E0B45FFF2CB}.Debug|Any CPU.Build.0 = Debug|Any CPU
		{8810D7C5-3CD9-4F93-9614-7E0B45FFF2CB}.Release|Any CPU.ActiveCfg = Release|Any CPU
		{8810D7C5-3CD9-4F93-9614-7E0B45FFF2CB}.Release|Any CPU.Build.0 = Release|Any CPU
		{20948734-6A02-43FA-84B3-693EE95BE995}.Debug|Any CPU.ActiveCfg = Debug|Any CPU
		{20948734-6A02-43FA-84B3-693EE95BE995}.Debug|Any CPU.Build.0 = Debug|Any CPU
		{20948734-6A02-43FA-84B3-693EE95BE995}.Release|Any CPU.ActiveCfg = Release|Any CPU
		{20948734-6A02-43FA-84B3-693EE95BE995}.Release|Any CPU.Build.0 = Release|Any CPU
	EndGlobalSection
	GlobalSection(SolutionProperties) = preSolution
		HideSolutionNode = FALSE
	EndGlobalSection
EndGlobal
