
Microsoft Visual Studio Solution File, Format Version 12.00
# Visual Studio 14
VisualStudioVersion = 14.0.25420.1
MinimumVisualStudioVersion = 10.0.40219.1
Project("{FAE04EC0-301F-11D3-BF4B-00C04F79EFBC}") = "01. Practice Integer Numbers", "01. Practice Integer Numbers\01. Practice Integer Numbers.csproj", "{E5E6C7ED-562C-492D-A355-9188167D1297}"
EndProject
Project("{FAE04EC0-301F-11D3-BF4B-00C04F79EFBC}") = "02. Practice Floating Points", "02. Practice Floating Points\02. Practice Floating Points.csproj", "{10BA51C6-3CF2-4206-9C8D-89BC00AC69D2}"
EndProject
Project("{FAE04EC0-301F-11D3-BF4B-00C04F79EFBC}") = "03. Practice Characters and Strings", "03. Practice Characters and Strings\03. Practice Characters and Strings.csproj", "{4FCE025B-3629-4EDA-B909-D0F353C452C3}"
EndProject
Project("{FAE04EC0-301F-11D3-BF4B-00C04F79EFBC}") = "04. Variable in Hex Format", "04. Variable in Hex Format\04. Variable in Hex Format.csproj", "{0FAE121A-012E-44EC-A1CC-4B102BEBEF5B}"
EndProject
Project("{FAE04EC0-301F-11D3-BF4B-00C04F79EFBC}") = "05. Boolean Variable", "05. Boolean Variable\05. Boolean Variable.csproj", "{712B4665-A801-4C1E-AB1F-4E1794EBAA23}"
EndProject
Project("{FAE04EC0-301F-11D3-BF4B-00C04F79EFBC}") = "06. Strings And Objects", "06. Strings And Objects\06. Strings And Objects.csproj", "{78BA8AB6-CFFA-47F2-B726-8DED5CBE9A61}"
EndProject
Project("{FAE04EC0-301F-11D3-BF4B-00C04F79EFBC}") = "07. Exchange Variable Values", "07. Exchange Variable Values\07. Exchange Variable Values.csproj", "{C1DE2638-1B4E-4B2D-BE6B-BA28D1F1CE71}"
EndProject
Project("{FAE04EC0-301F-11D3-BF4B-00C04F79EFBC}") = "08. Employee Data", "08. Employee Data\08. Employee Data.csproj", "{AEB586CB-BF44-452F-92B5-52097AE5413D}"
EndProject
Project("{FAE04EC0-301F-11D3-BF4B-00C04F79EFBC}") = "09. Reversed chars", "09. Reversed chars\09. Reversed chars.csproj", "{7ADB3611-0C60-4A4C-876A-125266DEFDBB}"
EndProject
Project("{FAE04EC0-301F-11D3-BF4B-00C04F79EFBC}") = "10. Centuries to Nanoseconds", "10. Centuries to Nanoseconds\10. Centuries to Nanoseconds.csproj", "{5E7D0EFA-7675-4242-A557-A2CA26B92DEC}"
EndProject
Project("{FAE04EC0-301F-11D3-BF4B-00C04F79EFBC}") = "11. Convert Speed Units", "11. Convert Speed Units\11. Convert Speed Units.csproj", "{79B8374C-43F8-4E17-B5E4-5F95AB7A6BE8}"
EndProject
Project("{FAE04EC0-301F-11D3-BF4B-00C04F79EFBC}") = "12. Rectangle Properties", "12. Rectangle Properties\12. Rectangle Properties.csproj", "{1346E72F-6AA6-42FC-828B-AF5BF5AFDA67}"
EndProject
Project("{FAE04EC0-301F-11D3-BF4B-00C04F79EFBC}") = "13. Vowel or Digit", "13. Vowel or Digit\13. Vowel or Digit.csproj", "{B8537D7B-705C-41B2-B93D-A14AC0C65D72}"
EndProject
Project("{FAE04EC0-301F-11D3-BF4B-00C04F79EFBC}") = "14. Integer to Hex and Binary", "14. Integer to Hex and Binary\14. Integer to Hex and Binary.csproj", "{E4089F0A-F200-40A3-A4A8-146453FA4372}"
EndProject
Project("{FAE04EC0-301F-11D3-BF4B-00C04F79EFBC}") = "15. Fast Prime Checker", "15. Fast Prime Checker\15. Fast Prime Checker.csproj", "{88A193DE-2364-4E06-B4F8-3CB64009BD6C}"
EndProject
Project("{FAE04EC0-301F-11D3-BF4B-00C04F79EFBC}") = "16. Comparing floats", "16. Comparing floats\16. Comparing floats.csproj", "{2ECFD8F1-9077-4C3C-B11C-5AD54281CDE9}"
EndProject
Project("{FAE04EC0-301F-11D3-BF4B-00C04F79EFBC}") = "17. Print Part Of ASCII Table", "17. Print Part Of ASCII Table\17. Print Part Of ASCII Table.csproj", "{21A7EE4E-F306-4AC5-9666-C45FBA8A1850}"
EndProject
Project("{FAE04EC0-301F-11D3-BF4B-00C04F79EFBC}") = "18. Different Integers Size", "18. Different Integers Size\18. Different Integers Size.csproj", "{D5E21FFD-B7A9-4B7D-94CF-186DF54C1323}"
EndProject
Project("{FAE04EC0-301F-11D3-BF4B-00C04F79EFBC}") = "16.1 Comparing floats", "16.1 Comparing floats\16.1 Comparing floats.csproj", "{A7DC9985-E6C0-4794-9846-9CA55898F6C8}"
EndProject
Project("{FAE04EC0-301F-11D3-BF4B-00C04F79EFBC}") = "19. Thea The Photographer", "19. Thea The Photographer\19. Thea The Photographer.csproj", "{D828F057-EA51-4B92-A099-83BF441E63A6}"
EndProject
Global
	GlobalSection(SolutionConfigurationPlatforms) = preSolution
		Debug|Any CPU = Debug|Any CPU
		Release|Any CPU = Release|Any CPU
	EndGlobalSection
	GlobalSection(ProjectConfigurationPlatforms) = postSolution
		{E5E6C7ED-562C-492D-A355-9188167D1297}.Debug|Any CPU.ActiveCfg = Debug|Any CPU
		{E5E6C7ED-562C-492D-A355-9188167D1297}.Debug|Any CPU.Build.0 = Debug|Any CPU
		{E5E6C7ED-562C-492D-A355-9188167D1297}.Release|Any CPU.ActiveCfg = Release|Any CPU
		{E5E6C7ED-562C-492D-A355-9188167D1297}.Release|Any CPU.Build.0 = Release|Any CPU
		{10BA51C6-3CF2-4206-9C8D-89BC00AC69D2}.Debug|Any CPU.ActiveCfg = Debug|Any CPU
		{10BA51C6-3CF2-4206-9C8D-89BC00AC69D2}.Debug|Any CPU.Build.0 = Debug|Any CPU
		{10BA51C6-3CF2-4206-9C8D-89BC00AC69D2}.Release|Any CPU.ActiveCfg = Release|Any CPU
		{10BA51C6-3CF2-4206-9C8D-89BC00AC69D2}.Release|Any CPU.Build.0 = Release|Any CPU
		{4FCE025B-3629-4EDA-B909-D0F353C452C3}.Debug|Any CPU.ActiveCfg = Debug|Any CPU
		{4FCE025B-3629-4EDA-B909-D0F353C452C3}.Debug|Any CPU.Build.0 = Debug|Any CPU
		{4FCE025B-3629-4EDA-B909-D0F353C452C3}.Release|Any CPU.ActiveCfg = Release|Any CPU
		{4FCE025B-3629-4EDA-B909-D0F353C452C3}.Release|Any CPU.Build.0 = Release|Any CPU
		{0FAE121A-012E-44EC-A1CC-4B102BEBEF5B}.Debug|Any CPU.ActiveCfg = Debug|Any CPU
		{0FAE121A-012E-44EC-A1CC-4B102BEBEF5B}.Debug|Any CPU.Build.0 = Debug|Any CPU
		{0FAE121A-012E-44EC-A1CC-4B102BEBEF5B}.Release|Any CPU.ActiveCfg = Release|Any CPU
		{0FAE121A-012E-44EC-A1CC-4B102BEBEF5B}.Release|Any CPU.Build.0 = Release|Any CPU
		{712B4665-A801-4C1E-AB1F-4E1794EBAA23}.Debug|Any CPU.ActiveCfg = Debug|Any CPU
		{712B4665-A801-4C1E-AB1F-4E1794EBAA23}.Debug|Any CPU.Build.0 = Debug|Any CPU
		{712B4665-A801-4C1E-AB1F-4E1794EBAA23}.Release|Any CPU.ActiveCfg = Release|Any CPU
		{712B4665-A801-4C1E-AB1F-4E1794EBAA23}.Release|Any CPU.Build.0 = Release|Any CPU
		{78BA8AB6-CFFA-47F2-B726-8DED5CBE9A61}.Debug|Any CPU.ActiveCfg = Debug|Any CPU
		{78BA8AB6-CFFA-47F2-B726-8DED5CBE9A61}.Debug|Any CPU.Build.0 = Debug|Any CPU
		{78BA8AB6-CFFA-47F2-B726-8DED5CBE9A61}.Release|Any CPU.ActiveCfg = Release|Any CPU
		{78BA8AB6-CFFA-47F2-B726-8DED5CBE9A61}.Release|Any CPU.Build.0 = Release|Any CPU
		{C1DE2638-1B4E-4B2D-BE6B-BA28D1F1CE71}.Debug|Any CPU.ActiveCfg = Debug|Any CPU
		{C1DE2638-1B4E-4B2D-BE6B-BA28D1F1CE71}.Debug|Any CPU.Build.0 = Debug|Any CPU
		{C1DE2638-1B4E-4B2D-BE6B-BA28D1F1CE71}.Release|Any CPU.ActiveCfg = Release|Any CPU
		{C1DE2638-1B4E-4B2D-BE6B-BA28D1F1CE71}.Release|Any CPU.Build.0 = Release|Any CPU
		{AEB586CB-BF44-452F-92B5-52097AE5413D}.Debug|Any CPU.ActiveCfg = Debug|Any CPU
		{AEB586CB-BF44-452F-92B5-52097AE5413D}.Debug|Any CPU.Build.0 = Debug|Any CPU
		{AEB586CB-BF44-452F-92B5-52097AE5413D}.Release|Any CPU.ActiveCfg = Release|Any CPU
		{AEB586CB-BF44-452F-92B5-52097AE5413D}.Release|Any CPU.Build.0 = Release|Any CPU
		{7ADB3611-0C60-4A4C-876A-125266DEFDBB}.Debug|Any CPU.ActiveCfg = Debug|Any CPU
		{7ADB3611-0C60-4A4C-876A-125266DEFDBB}.Debug|Any CPU.Build.0 = Debug|Any CPU
		{7ADB3611-0C60-4A4C-876A-125266DEFDBB}.Release|Any CPU.ActiveCfg = Release|Any CPU
		{7ADB3611-0C60-4A4C-876A-125266DEFDBB}.Release|Any CPU.Build.0 = Release|Any CPU
		{5E7D0EFA-7675-4242-A557-A2CA26B92DEC}.Debug|Any CPU.ActiveCfg = Debug|Any CPU
		{5E7D0EFA-7675-4242-A557-A2CA26B92DEC}.Debug|Any CPU.Build.0 = Debug|Any CPU
		{5E7D0EFA-7675-4242-A557-A2CA26B92DEC}.Release|Any CPU.ActiveCfg = Release|Any CPU
		{5E7D0EFA-7675-4242-A557-A2CA26B92DEC}.Release|Any CPU.Build.0 = Release|Any CPU
		{79B8374C-43F8-4E17-B5E4-5F95AB7A6BE8}.Debug|Any CPU.ActiveCfg = Debug|Any CPU
		{79B8374C-43F8-4E17-B5E4-5F95AB7A6BE8}.Debug|Any CPU.Build.0 = Debug|Any CPU
		{79B8374C-43F8-4E17-B5E4-5F95AB7A6BE8}.Release|Any CPU.ActiveCfg = Release|Any CPU
		{79B8374C-43F8-4E17-B5E4-5F95AB7A6BE8}.Release|Any CPU.Build.0 = Release|Any CPU
		{1346E72F-6AA6-42FC-828B-AF5BF5AFDA67}.Debug|Any CPU.ActiveCfg = Debug|Any CPU
		{1346E72F-6AA6-42FC-828B-AF5BF5AFDA67}.Debug|Any CPU.Build.0 = Debug|Any CPU
		{1346E72F-6AA6-42FC-828B-AF5BF5AFDA67}.Release|Any CPU.ActiveCfg = Release|Any CPU
		{1346E72F-6AA6-42FC-828B-AF5BF5AFDA67}.Release|Any CPU.Build.0 = Release|Any CPU
		{B8537D7B-705C-41B2-B93D-A14AC0C65D72}.Debug|Any CPU.ActiveCfg = Debug|Any CPU
		{B8537D7B-705C-41B2-B93D-A14AC0C65D72}.Debug|Any CPU.Build.0 = Debug|Any CPU
		{B8537D7B-705C-41B2-B93D-A14AC0C65D72}.Release|Any CPU.ActiveCfg = Release|Any CPU
		{B8537D7B-705C-41B2-B93D-A14AC0C65D72}.Release|Any CPU.Build.0 = Release|Any CPU
		{E4089F0A-F200-40A3-A4A8-146453FA4372}.Debug|Any CPU.ActiveCfg = Debug|Any CPU
		{E4089F0A-F200-40A3-A4A8-146453FA4372}.Debug|Any CPU.Build.0 = Debug|Any CPU
		{E4089F0A-F200-40A3-A4A8-146453FA4372}.Release|Any CPU.ActiveCfg = Release|Any CPU
		{E4089F0A-F200-40A3-A4A8-146453FA4372}.Release|Any CPU.Build.0 = Release|Any CPU
		{88A193DE-2364-4E06-B4F8-3CB64009BD6C}.Debug|Any CPU.ActiveCfg = Debug|Any CPU
		{88A193DE-2364-4E06-B4F8-3CB64009BD6C}.Debug|Any CPU.Build.0 = Debug|Any CPU
		{88A193DE-2364-4E06-B4F8-3CB64009BD6C}.Release|Any CPU.ActiveCfg = Release|Any CPU
		{88A193DE-2364-4E06-B4F8-3CB64009BD6C}.Release|Any CPU.Build.0 = Release|Any CPU
		{2ECFD8F1-9077-4C3C-B11C-5AD54281CDE9}.Debug|Any CPU.ActiveCfg = Debug|Any CPU
		{2ECFD8F1-9077-4C3C-B11C-5AD54281CDE9}.Debug|Any CPU.Build.0 = Debug|Any CPU
		{2ECFD8F1-9077-4C3C-B11C-5AD54281CDE9}.Release|Any CPU.ActiveCfg = Release|Any CPU
		{2ECFD8F1-9077-4C3C-B11C-5AD54281CDE9}.Release|Any CPU.Build.0 = Release|Any CPU
		{21A7EE4E-F306-4AC5-9666-C45FBA8A1850}.Debug|Any CPU.ActiveCfg = Debug|Any CPU
		{21A7EE4E-F306-4AC5-9666-C45FBA8A1850}.Debug|Any CPU.Build.0 = Debug|Any CPU
		{21A7EE4E-F306-4AC5-9666-C45FBA8A1850}.Release|Any CPU.ActiveCfg = Release|Any CPU
		{21A7EE4E-F306-4AC5-9666-C45FBA8A1850}.Release|Any CPU.Build.0 = Release|Any CPU
		{D5E21FFD-B7A9-4B7D-94CF-186DF54C1323}.Debug|Any CPU.ActiveCfg = Debug|Any CPU
		{D5E21FFD-B7A9-4B7D-94CF-186DF54C1323}.Debug|Any CPU.Build.0 = Debug|Any CPU
		{D5E21FFD-B7A9-4B7D-94CF-186DF54C1323}.Release|Any CPU.ActiveCfg = Release|Any CPU
		{D5E21FFD-B7A9-4B7D-94CF-186DF54C1323}.Release|Any CPU.Build.0 = Release|Any CPU
		{A7DC9985-E6C0-4794-9846-9CA55898F6C8}.Debug|Any CPU.ActiveCfg = Debug|Any CPU
		{A7DC9985-E6C0-4794-9846-9CA55898F6C8}.Debug|Any CPU.Build.0 = Debug|Any CPU
		{A7DC9985-E6C0-4794-9846-9CA55898F6C8}.Release|Any CPU.ActiveCfg = Release|Any CPU
		{A7DC9985-E6C0-4794-9846-9CA55898F6C8}.Release|Any CPU.Build.0 = Release|Any CPU
		{D828F057-EA51-4B92-A099-83BF441E63A6}.Debug|Any CPU.ActiveCfg = Debug|Any CPU
		{D828F057-EA51-4B92-A099-83BF441E63A6}.Debug|Any CPU.Build.0 = Debug|Any CPU
		{D828F057-EA51-4B92-A099-83BF441E63A6}.Release|Any CPU.ActiveCfg = Release|Any CPU
		{D828F057-EA51-4B92-A099-83BF441E63A6}.Release|Any CPU.Build.0 = Release|Any CPU
	EndGlobalSection
	GlobalSection(SolutionProperties) = preSolution
		HideSolutionNode = FALSE
	EndGlobalSection
EndGlobal
