
Microsoft Visual Studio Solution File, Format Version 12.00
# Visual Studio 15
VisualStudioVersion = 15.0.26430.6
MinimumVisualStudioVersion = 10.0.40219.1
Project("{FAE04EC0-301F-11D3-BF4B-00C04F79EFBC}") = "01. ClassBox", "01. ClassBox\01. ClassBox.csproj", "{11048560-27D3-4FE1-A684-316FC913C039}"
EndProject
Project("{FAE04EC0-301F-11D3-BF4B-00C04F79EFBC}") = "02. ClassBoxDataValidation", "02. ClassBoxDataValidation\02. ClassBoxDataValidation.csproj", "{9043284E-D71C-4CB3-93BC-8B21BCC322C7}"
EndProject
Project("{FAE04EC0-301F-11D3-BF4B-00C04F79EFBC}") = "04. ShoppingSpree", "04. ShoppingSpree\04. ShoppingSpree.csproj", "{85EC19E0-E6C5-43EB-8565-8D26803C6F7E}"
EndProject
Project("{FAE04EC0-301F-11D3-BF4B-00C04F79EFBC}") = "03. AnimalFarm", "AnimalFarm\03. AnimalFarm.csproj", "{82938FF2-F983-4126-A284-A6C45561EC50}"
EndProject
Project("{FAE04EC0-301F-11D3-BF4B-00C04F79EFBC}") = "05. PizzaCalories", "05. PizzaCalories\05. PizzaCalories.csproj", "{795EDDDB-26CF-4BD0-8025-51C3A448FB08}"
EndProject
Project("{FAE04EC0-301F-11D3-BF4B-00C04F79EFBC}") = "Test123", "Test123\Test123.csproj", "{274EA6D4-EC60-408B-B5EC-2551B5D056A4}"
EndProject
Global
	GlobalSection(SolutionConfigurationPlatforms) = preSolution
		Debug|Any CPU = Debug|Any CPU
		Release|Any CPU = Release|Any CPU
	EndGlobalSection
	GlobalSection(ProjectConfigurationPlatforms) = postSolution
		{11048560-27D3-4FE1-A684-316FC913C039}.Debug|Any CPU.ActiveCfg = Debug|Any CPU
		{11048560-27D3-4FE1-A684-316FC913C039}.Debug|Any CPU.Build.0 = Debug|Any CPU
		{11048560-27D3-4FE1-A684-316FC913C039}.Release|Any CPU.ActiveCfg = Release|Any CPU
		{11048560-27D3-4FE1-A684-316FC913C039}.Release|Any CPU.Build.0 = Release|Any CPU
		{9043284E-D71C-4CB3-93BC-8B21BCC322C7}.Debug|Any CPU.ActiveCfg = Debug|Any CPU
		{9043284E-D71C-4CB3-93BC-8B21BCC322C7}.Debug|Any CPU.Build.0 = Debug|Any CPU
		{9043284E-D71C-4CB3-93BC-8B21BCC322C7}.Release|Any CPU.ActiveCfg = Release|Any CPU
		{9043284E-D71C-4CB3-93BC-8B21BCC322C7}.Release|Any CPU.Build.0 = Release|Any CPU
		{85EC19E0-E6C5-43EB-8565-8D26803C6F7E}.Debug|Any CPU.ActiveCfg = Debug|Any CPU
		{85EC19E0-E6C5-43EB-8565-8D26803C6F7E}.Debug|Any CPU.Build.0 = Debug|Any CPU
		{85EC19E0-E6C5-43EB-8565-8D26803C6F7E}.Release|Any CPU.ActiveCfg = Release|Any CPU
		{85EC19E0-E6C5-43EB-8565-8D26803C6F7E}.Release|Any CPU.Build.0 = Release|Any CPU
		{82938FF2-F983-4126-A284-A6C45561EC50}.Debug|Any CPU.ActiveCfg = Debug|Any CPU
		{82938FF2-F983-4126-A284-A6C45561EC50}.Debug|Any CPU.Build.0 = Debug|Any CPU
		{82938FF2-F983-4126-A284-A6C45561EC50}.Release|Any CPU.ActiveCfg = Release|Any CPU
		{82938FF2-F983-4126-A284-A6C45561EC50}.Release|Any CPU.Build.0 = Release|Any CPU
		{795EDDDB-26CF-4BD0-8025-51C3A448FB08}.Debug|Any CPU.ActiveCfg = Debug|Any CPU
		{795EDDDB-26CF-4BD0-8025-51C3A448FB08}.Debug|Any CPU.Build.0 = Debug|Any CPU
		{795EDDDB-26CF-4BD0-8025-51C3A448FB08}.Release|Any CPU.ActiveCfg = Release|Any CPU
		{795EDDDB-26CF-4BD0-8025-51C3A448FB08}.Release|Any CPU.Build.0 = Release|Any CPU
		{274EA6D4-EC60-408B-B5EC-2551B5D056A4}.Debug|Any CPU.ActiveCfg = Debug|Any CPU
		{274EA6D4-EC60-408B-B5EC-2551B5D056A4}.Debug|Any CPU.Build.0 = Debug|Any CPU
		{274EA6D4-EC60-408B-B5EC-2551B5D056A4}.Release|Any CPU.ActiveCfg = Release|Any CPU
		{274EA6D4-EC60-408B-B5EC-2551B5D056A4}.Release|Any CPU.Build.0 = Release|Any CPU
	EndGlobalSection
	GlobalSection(SolutionProperties) = preSolution
		HideSolutionNode = FALSE
	EndGlobalSection
EndGlobal
