
Microsoft Visual Studio Solution File, Format Version 12.00
# Visual Studio 14
VisualStudioVersion = 14.0.25420.1
MinimumVisualStudioVersion = 10.0.40219.1
Project("{FAE04EC0-301F-11D3-BF4B-00C04F79EFBC}") = "01. Extract Emails", "01. Extract Emails\01. Extract Emails.csproj", "{85E4F7AE-072A-4E84-B60C-8AA009999DBD}"
EndProject
Project("{FAE04EC0-301F-11D3-BF4B-00C04F79EFBC}") = "02. Extract sentences by keyword", "02. Extract sentences by keyword\02. Extract sentences by keyword.csproj", "{35CD63BF-4C8C-427C-98D0-4B714E7B3FE3}"
EndProject
Project("{FAE04EC0-301F-11D3-BF4B-00C04F79EFBC}") = "03. Valid Usernames", "03. Valid Usernames\03. Valid Usernames.csproj", "{276E7FF8-97DE-4B94-AA67-C26B984F27E1}"
EndProject
Project("{FAE04EC0-301F-11D3-BF4B-00C04F79EFBC}") = "04. Query Mess", "04. Query Mess\04. Query Mess.csproj", "{7ADDA8D0-C307-4F7F-AA5A-8DA8241B0364}"
EndProject
Project("{FAE04EC0-301F-11D3-BF4B-00C04F79EFBC}") = "00.Test", "00.Test\00.Test.csproj", "{76A4F2CE-391B-40CE-A9FC-0BD3E8C317FD}"
EndProject
Global
	GlobalSection(SolutionConfigurationPlatforms) = preSolution
		Debug|Any CPU = Debug|Any CPU
		Release|Any CPU = Release|Any CPU
	EndGlobalSection
	GlobalSection(ProjectConfigurationPlatforms) = postSolution
		{85E4F7AE-072A-4E84-B60C-8AA009999DBD}.Debug|Any CPU.ActiveCfg = Debug|Any CPU
		{85E4F7AE-072A-4E84-B60C-8AA009999DBD}.Debug|Any CPU.Build.0 = Debug|Any CPU
		{85E4F7AE-072A-4E84-B60C-8AA009999DBD}.Release|Any CPU.ActiveCfg = Release|Any CPU
		{85E4F7AE-072A-4E84-B60C-8AA009999DBD}.Release|Any CPU.Build.0 = Release|Any CPU
		{35CD63BF-4C8C-427C-98D0-4B714E7B3FE3}.Debug|Any CPU.ActiveCfg = Debug|Any CPU
		{35CD63BF-4C8C-427C-98D0-4B714E7B3FE3}.Debug|Any CPU.Build.0 = Debug|Any CPU
		{35CD63BF-4C8C-427C-98D0-4B714E7B3FE3}.Release|Any CPU.ActiveCfg = Release|Any CPU
		{35CD63BF-4C8C-427C-98D0-4B714E7B3FE3}.Release|Any CPU.Build.0 = Release|Any CPU
		{276E7FF8-97DE-4B94-AA67-C26B984F27E1}.Debug|Any CPU.ActiveCfg = Debug|Any CPU
		{276E7FF8-97DE-4B94-AA67-C26B984F27E1}.Debug|Any CPU.Build.0 = Debug|Any CPU
		{276E7FF8-97DE-4B94-AA67-C26B984F27E1}.Release|Any CPU.ActiveCfg = Release|Any CPU
		{276E7FF8-97DE-4B94-AA67-C26B984F27E1}.Release|Any CPU.Build.0 = Release|Any CPU
		{7ADDA8D0-C307-4F7F-AA5A-8DA8241B0364}.Debug|Any CPU.ActiveCfg = Debug|Any CPU
		{7ADDA8D0-C307-4F7F-AA5A-8DA8241B0364}.Debug|Any CPU.Build.0 = Debug|Any CPU
		{7ADDA8D0-C307-4F7F-AA5A-8DA8241B0364}.Release|Any CPU.ActiveCfg = Release|Any CPU
		{7ADDA8D0-C307-4F7F-AA5A-8DA8241B0364}.Release|Any CPU.Build.0 = Release|Any CPU
		{76A4F2CE-391B-40CE-A9FC-0BD3E8C317FD}.Debug|Any CPU.ActiveCfg = Debug|Any CPU
		{76A4F2CE-391B-40CE-A9FC-0BD3E8C317FD}.Debug|Any CPU.Build.0 = Debug|Any CPU
		{76A4F2CE-391B-40CE-A9FC-0BD3E8C317FD}.Release|Any CPU.ActiveCfg = Release|Any CPU
		{76A4F2CE-391B-40CE-A9FC-0BD3E8C317FD}.Release|Any CPU.Build.0 = Release|Any CPU
	EndGlobalSection
	GlobalSection(SolutionProperties) = preSolution
		HideSolutionNode = FALSE
	EndGlobalSection
EndGlobal
