
Microsoft Visual Studio Solution File, Format Version 12.00
# Visual Studio 14
VisualStudioVersion = 14.0.25420.1
MinimumVisualStudioVersion = 10.0.40219.1
Project("{FAE04EC0-301F-11D3-BF4B-00C04F79EFBC}") = "01. Charity Marathon", "01. Charity Marathon\01. Charity Marathon.csproj", "{160C24D7-D6A2-4115-AEC4-79DFCAF7B577}"
EndProject
Project("{FAE04EC0-301F-11D3-BF4B-00C04F79EFBC}") = "02. Ladybugs", "02. Ladybugs\02. Ladybugs.csproj", "{3B075D17-87DB-4968-B6DF-DFF87F7572D8}"
EndProject
Project("{FAE04EC0-301F-11D3-BF4B-00C04F79EFBC}") = "00.Test", "00.Test\00.Test.csproj", "{4DAD6240-BE29-4D5C-B635-15C7B471E944}"
EndProject
Project("{FAE04EC0-301F-11D3-BF4B-00C04F79EFBC}") = "03. Nether Realms", "03. Nether Realms\03. Nether Realms.csproj", "{91C56B10-095B-46CB-9DBB-CA5E7427EDFC}"
EndProject
Project("{FAE04EC0-301F-11D3-BF4B-00C04F79EFBC}") = "04. Roli The Coder", "04. Roli The Coder\04. Roli The Coder.csproj", "{7E0B7DF6-C5FD-44F4-AC2A-F5D512AC4064}"
EndProject
Global
	GlobalSection(SolutionConfigurationPlatforms) = preSolution
		Debug|Any CPU = Debug|Any CPU
		Release|Any CPU = Release|Any CPU
	EndGlobalSection
	GlobalSection(ProjectConfigurationPlatforms) = postSolution
		{160C24D7-D6A2-4115-AEC4-79DFCAF7B577}.Debug|Any CPU.ActiveCfg = Debug|Any CPU
		{160C24D7-D6A2-4115-AEC4-79DFCAF7B577}.Debug|Any CPU.Build.0 = Debug|Any CPU
		{160C24D7-D6A2-4115-AEC4-79DFCAF7B577}.Release|Any CPU.ActiveCfg = Release|Any CPU
		{160C24D7-D6A2-4115-AEC4-79DFCAF7B577}.Release|Any CPU.Build.0 = Release|Any CPU
		{3B075D17-87DB-4968-B6DF-DFF87F7572D8}.Debug|Any CPU.ActiveCfg = Debug|Any CPU
		{3B075D17-87DB-4968-B6DF-DFF87F7572D8}.Debug|Any CPU.Build.0 = Debug|Any CPU
		{3B075D17-87DB-4968-B6DF-DFF87F7572D8}.Release|Any CPU.ActiveCfg = Release|Any CPU
		{3B075D17-87DB-4968-B6DF-DFF87F7572D8}.Release|Any CPU.Build.0 = Release|Any CPU
		{4DAD6240-BE29-4D5C-B635-15C7B471E944}.Debug|Any CPU.ActiveCfg = Debug|Any CPU
		{4DAD6240-BE29-4D5C-B635-15C7B471E944}.Debug|Any CPU.Build.0 = Debug|Any CPU
		{4DAD6240-BE29-4D5C-B635-15C7B471E944}.Release|Any CPU.ActiveCfg = Release|Any CPU
		{4DAD6240-BE29-4D5C-B635-15C7B471E944}.Release|Any CPU.Build.0 = Release|Any CPU
		{91C56B10-095B-46CB-9DBB-CA5E7427EDFC}.Debug|Any CPU.ActiveCfg = Debug|Any CPU
		{91C56B10-095B-46CB-9DBB-CA5E7427EDFC}.Debug|Any CPU.Build.0 = Debug|Any CPU
		{91C56B10-095B-46CB-9DBB-CA5E7427EDFC}.Release|Any CPU.ActiveCfg = Release|Any CPU
		{91C56B10-095B-46CB-9DBB-CA5E7427EDFC}.Release|Any CPU.Build.0 = Release|Any CPU
		{7E0B7DF6-C5FD-44F4-AC2A-F5D512AC4064}.Debug|Any CPU.ActiveCfg = Debug|Any CPU
		{7E0B7DF6-C5FD-44F4-AC2A-F5D512AC4064}.Debug|Any CPU.Build.0 = Debug|Any CPU
		{7E0B7DF6-C5FD-44F4-AC2A-F5D512AC4064}.Release|Any CPU.ActiveCfg = Release|Any CPU
		{7E0B7DF6-C5FD-44F4-AC2A-F5D512AC4064}.Release|Any CPU.Build.0 = Release|Any CPU
	EndGlobalSection
	GlobalSection(SolutionProperties) = preSolution
		HideSolutionNode = FALSE
	EndGlobalSection
EndGlobal
