
Microsoft Visual Studio Solution File, Format Version 12.00
# Visual Studio 15
VisualStudioVersion = 15.0.26430.6
MinimumVisualStudioVersion = 10.0.40219.1
Project("{FAE04EC0-301F-11D3-BF4B-00C04F79EFBC}") = "01.Shapes", "01.Shapes\01.Shapes.csproj", "{3E860C3C-8AB3-4EF9-B9BD-978B161D24A0}"
EndProject
Project("{FAE04EC0-301F-11D3-BF4B-00C04F79EFBC}") = "Cars", "Cars\Cars.csproj", "{48208DFE-4853-434B-8CF9-CECD76281BB9}"
EndProject
Global
	GlobalSection(SolutionConfigurationPlatforms) = preSolution
		Debug|Any CPU = Debug|Any CPU
		Release|Any CPU = Release|Any CPU
	EndGlobalSection
	GlobalSection(ProjectConfigurationPlatforms) = postSolution
		{3E860C3C-8AB3-4EF9-B9BD-978B161D24A0}.Debug|Any CPU.ActiveCfg = Debug|Any CPU
		{3E860C3C-8AB3-4EF9-B9BD-978B161D24A0}.Debug|Any CPU.Build.0 = Debug|Any CPU
		{3E860C3C-8AB3-4EF9-B9BD-978B161D24A0}.Release|Any CPU.ActiveCfg = Release|Any CPU
		{3E860C3C-8AB3-4EF9-B9BD-978B161D24A0}.Release|Any CPU.Build.0 = Release|Any CPU
		{48208DFE-4853-434B-8CF9-CECD76281BB9}.Debug|Any CPU.ActiveCfg = Debug|Any CPU
		{48208DFE-4853-434B-8CF9-CECD76281BB9}.Debug|Any CPU.Build.0 = Debug|Any CPU
		{48208DFE-4853-434B-8CF9-CECD76281BB9}.Release|Any CPU.ActiveCfg = Release|Any CPU
		{48208DFE-4853-434B-8CF9-CECD76281BB9}.Release|Any CPU.Build.0 = Release|Any CPU
	EndGlobalSection
	GlobalSection(SolutionProperties) = preSolution
		HideSolutionNode = FALSE
	EndGlobalSection
EndGlobal
